# This file is autogenerated, do not edit; changes may be undone by the next 'dep ensure'.


[[projects]]
  branch = "master"
  digest = "1:c0bec5f9b98d0bc872ff5e834fac186b807b656683bd29cb82fb207a1513fabb"
  name = "github.com/beorn7/perks"
  packages = ["quantile"]
  pruneopts = ""
  revision = "3a771d992973f24aa725d07868b467d1ddfceafb"

[[projects]]
  digest = "1:a6ee710e45210bafe11f2f28963571be2ac8809f9a7b675a6d2c02302a1ce1a9"
  name = "github.com/bouk/monkey"
  packages = ["."]
  pruneopts = ""
  revision = "5df1f207ff77e025801505ae4d903133a0b4353f"
  version = "v1.0.0"

[[projects]]
  branch = "master"
  digest = "1:f125bb59ffba950b36134a6f9b90b93949d51fdc114f45c3cdc619927325708a"
  name = "github.com/dgrijalva/jwt-go"
  packages = ["."]
  pruneopts = ""
  revision = "3af4c746e1c248ee8491a3e0c6f7a9cd831e95f8"

[[projects]]
  branch = "master"
  digest = "1:9949f4a2c726614c4d38ca692705f9f0a894122406e78cb62dc69ff267705483"
  name = "github.com/golang/mock"
  packages = ["gomock"]
  pruneopts = ""
  revision = "c20582278a829e4b3259747a3ce0eceb1763ee13"

[[projects]]
  digest = "1:d3d38150b6d77b2aad42a9e105170538b6563518993d43df78a1add6e31cce62"
  name = "github.com/golang/protobuf"
  packages = ["proto"]
  pruneopts = ""
  revision = "c823c79ea1570fb5ff454033735a8e68575d1d0f"
  version = "v1.3.0"

[[projects]]
  digest = "1:dbbeb8ddb0be949954c8157ee8439c2adfd8dc1c9510eb44a6e58cb68c3dce28"
  name = "github.com/gorilla/context"
  packages = ["."]
  pruneopts = ""
  revision = "08b5f424b9271eedf6f9f0ce86cb9396ed337a42"
  version = "v1.1.1"

[[projects]]
  branch = "master"
  digest = "1:1290ab3ac2dd3900a397dec83177b9e346b4a92ef8eb159e8ae2994bbcce7810"
  name = "github.com/gorilla/mux"
  packages = ["."]
  pruneopts = ""
  revision = "15a353a636720571d19e37b34a14499c3afa9991"

[[projects]]
  digest = "1:0f51cee70b0d254dbc93c22666ea2abf211af81c1701a96d04e2284b408621db"
  name = "github.com/konsorten/go-windows-terminal-sequences"
  packages = ["."]
  pruneopts = ""
  revision = "f55edac94c9bbba5d6182a4be46d86a2c9b5b50e"
  version = "v1.0.2"

[[projects]]
  digest = "1:63722a4b1e1717be7b98fc686e0b30d5e7f734b9e93d7dee86293b6deab7ea28"
  name = "github.com/matttproud/golang_protobuf_extensions"
  packages = ["pbutil"]
  pruneopts = ""
  revision = "c12348ce28de40eed0136aa2b644d0ee0650e56c"
  version = "v1.0.1"

[[projects]]
  digest = "1:1d7e1867c49a6dd9856598ef7c3123604ea3daabf5b83f303ff457bcbc410b1d"
  name = "github.com/pkg/errors"
  packages = ["."]
  pruneopts = ""
  revision = "ba968bfe8b2f7e042a574c888954fccecfa385b4"
  version = "v0.8.1"

[[projects]]
  branch = "master"
  digest = "1:5839f7266bea7c333c097721c508cf5bd6e1b60c9499bae12b94f2920f301ff1"
  name = "github.com/prometheus/client_golang"
  packages = [
    "prometheus",
    "prometheus/internal",
    "prometheus/promhttp",
  ]
  pruneopts = ""
  revision = "c5e14697eaa7af985b2e326f1f5ed50bacb75c06"

[[projects]]
  branch = "master"
  digest = "1:cd67319ee7536399990c4b00fae07c3413035a53193c644549a676091507cadc"
  name = "github.com/prometheus/client_model"
  packages = ["go"]
  pruneopts = ""
  revision = "fd36f4220a901265f90734c3183c5f0c91daa0b8"

[[projects]]
  digest = "1:96af18a3819d2ff7d6aa07e6e50955b11e477dbc8b890324c67462b84adca56b"
  name = "github.com/prometheus/common"
  packages = [
    "expfmt",
    "internal/bitbucket.org/ww/goautoneg",
    "model",
  ]
  pruneopts = ""
  revision = "cfeb6f9992ffa54aaa4f2170ade4067ee478b250"
  version = "v0.2.0"

[[projects]]
  branch = "master"
  digest = "1:a29813277de981ce33148b3f1906bba492af2ce97237c050f62a6b48cfdae721"
  name = "github.com/prometheus/procfs"
  packages = [
    ".",
    "internal/util",
    "iostats",
    "nfs",
    "xfs",
  ]
  pruneopts = ""
  revision = "d0f344d83b0c80a1bc03b547a2374a9ec6711144"

[[projects]]
  branch = "master"
  digest = "1:9a8f2c389df904f93a80eebbeb8c987a983cdfaa4fb49670f0953e9676e0ab34"
  name = "github.com/segmentio/kafka-go"
  packages = ["."]
  pruneopts = ""
  revision = "d19f52f08673027cb346c63eb317b8e644b101af"

[[projects]]
  branch = "master"
  digest = "1:80692bf15dc7d6965274ceb4134847787e2cabc15c86740d879cbd0b69a1acc3"
  name = "github.com/sirupsen/logrus"
  packages = ["."]
  pruneopts = ""
  revision = "d7b6bf5e4d26448fd977d07d745a2a66097ddecb"

[[projects]]
  branch = "master"
  digest = "1:7a77b79efe106f3304dcf50dc86836151758f246169b527722552a5eb2ae14fc"
  name = "golang.org/x/crypto"
  packages = ["ssh/terminal"]
  pruneopts = ""
  revision = "8dd112bcdc25174059e45e07517d9fc663123347"

[[projects]]
  branch = "master"
  digest = "1:b723a8ef66371461da4327c018f8b7a879fc59e525f6ac4b03a9f6411a7155ff"
  name = "golang.org/x/sys"
  packages = [
    "unix",
    "windows",
  ]
  pruneopts = ""
  revision = "584f3b12f43e1e55248c90e84804777009eed0a4"

[solve-meta]
  analyzer-name = "dep"
  analyzer-version = 1
  input-imports = [
    "github.com/bouk/monkey",
    "github.com/dgrijalva/jwt-go",
    "github.com/golang/mock/gomock",
    "github.com/gorilla/context",
    "github.com/gorilla/mux",
    "github.com/pkg/errors",
    "github.com/prometheus/client_golang/prometheus",
    "github.com/prometheus/client_golang/prometheus/promhttp",
    "github.com/segmentio/kafka-go",
    "github.com/sirupsen/logrus",
  ]
  solver-name = "gps-cdcl"
  solver-version = 1
